
Microsoft Visual Studio Solution File, Format Version 12.00
# Visual Studio Version 16
VisualStudioVersion = 16.0.29230.47
MinimumVisualStudioVersion = 10.0.40219.1
Project("{FAE04EC0-301F-11D3-BF4B-00C04F79EFBC}") = "Rock_Paper_Scissors", "Rock_Paper_Scissors\Rock_Paper_Scissors.csproj", "{3E238FBE-6CE9-449B-BF18-8EE1BA294084}"
EndProject
Global
	GlobalSection(SolutionConfigurationPlatforms) = preSolution
		Debug|Any CPU = Debug|Any CPU
		Release|Any CPU = Release|Any CPU
	EndGlobalSection
	GlobalSection(ProjectConfigurationPlatforms) = postSolution
		{3E238FBE-6CE9-449B-BF18-8EE1BA294084}.Debug|Any CPU.ActiveCfg = Debug|Any CPU
		{3E238FBE-6CE9-449B-BF18-8EE1BA294084}.Debug|Any CPU.Build.0 = Debug|Any CPU
		{3E238FBE-6CE9-449B-BF18-8EE1BA294084}.Release|Any CPU.ActiveCfg = Release|Any CPU
		{3E238FBE-6CE9-449B-BF18-8EE1BA294084}.Release|Any CPU.Build.0 = Release|Any CPU
	EndGlobalSection
	GlobalSection(SolutionProperties) = preSolution
		HideSolutionNode = FALSE
	EndGlobalSection
	GlobalSection(ExtensibilityGlobals) = postSolution
		SolutionGuid = {D9B6F89B-35B4-4677-9253-1E5B3F3D63E4}
	EndGlobalSection
EndGlobal
